// !$*UTF8*$!
{
	archiveVersion = 1;
	classes = {
	};
	objectVersion = 56;
	objects = {

/* Begin PBXBuildFile section */
		E551890E2B33E4880082736C /* PlayerView.swift in Sources */ = {isa = PBXBuildFile; fileRef = E551890D2B33E4880082736C /* PlayerView.swift */; };
		E55189102B33E49F0082736C /* PlayerViewModel.swift in Sources */ = {isa = PBXBuildFile; fileRef = E551890F2B33E49F0082736C /* PlayerViewModel.swift */; };
		E55189122B33E8120082736C /* bm1.mp3 in Resources */ = {isa = PBXBuildFile; fileRef = E55189112B33E8120082736C /* bm1.mp3 */; };
		E575EB552B031448004A8D89 /* RecordedApp.swift in Sources */ = {isa = PBXBuildFile; fileRef = E575EB542B031448004A8D89 /* RecordedApp.swift */; };
		E575EB572B031448004A8D89 /* ContentView.swift in Sources */ = {isa = PBXBuildFile; fileRef = E575EB562B031448004A8D89 /* ContentView.swift */; };
		E575EB592B031449004A8D89 /* Assets.xcassets in Resources */ = {isa = PBXBuildFile; fileRef = E575EB582B031449004A8D89 /* Assets.xcassets */; };
		E575EB5C2B031449004A8D89 /* Preview Assets.xcassets in Resources */ = {isa = PBXBuildFile; fileRef = E575EB5B2B031449004A8D89 /* Preview Assets.xcassets */; };
		E575EB632B0314A5004A8D89 /* RecordView.swift in Sources */ = {isa = PBXBuildFile; fileRef = E575EB622B0314A5004A8D89 /* RecordView.swift */; };
		E575EB652B0314B1004A8D89 /* ListView.swift in Sources */ = {isa = PBXBuildFile; fileRef = E575EB642B0314B1004A8D89 /* ListView.swift */; };
		E575EB672B0315B3004A8D89 /* WaveForm.swift in Sources */ = {isa = PBXBuildFile; fileRef = E575EB662B0315B3004A8D89 /* WaveForm.swift */; };
/* End PBXBuildFile section */

/* Begin PBXFileReference section */
		E551890D2B33E4880082736C /* PlayerView.swift */ = {isa = PBXFileReference; lastKnownFileType = sourcecode.swift; path = PlayerView.swift; sourceTree = "<group>"; };
		E551890F2B33E49F0082736C /* PlayerViewModel.swift */ = {isa = PBXFileReference; lastKnownFileType = sourcecode.swift; path = PlayerViewModel.swift; sourceTree = "<group>"; };
		E55189112B33E8120082736C /* bm1.mp3 */ = {isa = PBXFileReference; lastKnownFileType = audio.mp3; path = bm1.mp3; sourceTree = "<group>"; };
		E575EB512B031448004A8D89 /* Recorded.app */ = {isa = PBXFileReference; explicitFileType = wrapper.application; includeInIndex = 0; path = Recorded.app; sourceTree = BUILT_PRODUCTS_DIR; };
		E575EB542B031448004A8D89 /* RecordedApp.swift */ = {isa = PBXFileReference; lastKnownFileType = sourcecode.swift; path = RecordedApp.swift; sourceTree = "<group>"; };
		E575EB562B031448004A8D89 /* ContentView.swift */ = {isa = PBXFileReference; lastKnownFileType = sourcecode.swift; path = ContentView.swift; sourceTree = "<group>"; };
		E575EB582B031449004A8D89 /* Assets.xcassets */ = {isa = PBXFileReference; lastKnownFileType = folder.assetcatalog; path = Assets.xcassets; sourceTree = "<group>"; };
		E575EB5B2B031449004A8D89 /* Preview Assets.xcassets */ = {isa = PBXFileReference; lastKnownFileType = folder.assetcatalog; path = "Preview Assets.xcassets"; sourceTree = "<group>"; };
		E575EB622B0314A5004A8D89 /* RecordView.swift */ = {isa = PBXFileReference; lastKnownFileType = sourcecode.swift; path = RecordView.swift; sourceTree = "<group>"; };
		E575EB642B0314B1004A8D89 /* ListView.swift */ = {isa = PBXFileReference; lastKnownFileType = sourcecode.swift; path = ListView.swift; sourceTree = "<group>"; };
		E575EB662B0315B3004A8D89 /* WaveForm.swift */ = {isa = PBXFileReference; lastKnownFileType = sourcecode.swift; path = WaveForm.swift; sourceTree = "<group>"; };
/* End PBXFileReference section */

/* Begin PBXFrameworksBuildPhase section */
		E575EB4E2B031448004A8D89 /* Frameworks */ = {
			isa = PBXFrameworksBuildPhase;
			buildActionMask = 2147483647;
			files = (
			);
			runOnlyForDeploymentPostprocessing = 0;
		};
/* End PBXFrameworksBuildPhase section */

/* Begin PBXGroup section */
		E575EB482B031448004A8D89 = {
			isa = PBXGroup;
			children = (
				E55189112B33E8120082736C /* bm1.mp3 */,
				E575EB532B031448004A8D89 /* Recorded */,
				E575EB522B031448004A8D89 /* Products */,
			);
			sourceTree = "<group>";
		};
		E575EB522B031448004A8D89 /* Products */ = {
			isa = PBXGroup;
			children = (
				E575EB512B031448004A8D89 /* Recorded.app */,
			);
			name = Products;
			sourceTree = "<group>";
		};
		E575EB532B031448004A8D89 /* Recorded */ = {
			isa = PBXGroup;
			children = (
				E575EB542B031448004A8D89 /* RecordedApp.swift */,
				E575EB562B031448004A8D89 /* ContentView.swift */,
				E575EB582B031449004A8D89 /* Assets.xcassets */,
				E575EB5A2B031449004A8D89 /* Preview Content */,
				E575EB622B0314A5004A8D89 /* RecordView.swift */,
				E575EB642B0314B1004A8D89 /* ListView.swift */,
				E551890D2B33E4880082736C /* PlayerView.swift */,
				E551890F2B33E49F0082736C /* PlayerViewModel.swift */,
				E575EB662B0315B3004A8D89 /* WaveForm.swift */,
			);
			path = Recorded;
			sourceTree = "<group>";
		};
		E575EB5A2B031449004A8D89 /* Preview Content */ = {
			isa = PBXGroup;
			children = (
				E575EB5B2B031449004A8D89 /* Preview Assets.xcassets */,
			);
			path = "Preview Content";
			sourceTree = "<group>";
		};
/* End PBXGroup section */

/* Begin PBXNativeTarget section */
		E575EB502B031448004A8D89 /* Recorded */ = {
			isa = PBXNativeTarget;
			buildConfigurationList = E575EB5F2B031449004A8D89 /* Build configuration list for PBXNativeTarget "Recorded" */;
			buildPhases = (
				E575EB4D2B031448004A8D89 /* Sources */,
				E575EB4E2B031448004A8D89 /* Frameworks */,
				E575EB4F2B031448004A8D89 /* Resources */,
			);
			buildRules = (
			);
			dependencies = (
			);
			name = Recorded;
			productName = Recorded;
			productReference = E575EB512B031448004A8D89 /* Recorded.app */;
			productType = "com.apple.product-type.application";
		};
/* End PBXNativeTarget section */

/* Begin PBXProject section */
		E575EB492B031448004A8D89 /* Project object */ = {
			isa = PBXProject;
			attributes = {
				BuildIndependentTargetsInParallel = 1;
				LastSwiftUpdateCheck = 1500;
				LastUpgradeCheck = 1500;
				TargetAttributes = {
					E575EB502B031448004A8D89 = {
						CreatedOnToolsVersion = 15.0.1;
					};
				};
			};
			buildConfigurationList = E575EB4C2B031448004A8D89 /* Build configuration list for PBXProject "Recorded" */;
			compatibilityVersion = "Xcode 14.0";
			developmentRegion = en;
			hasScannedForEncodings = 0;
			knownRegions = (
				en,
				Base,
			);
			mainGroup = E575EB482B031448004A8D89;
			productRefGroup = E575EB522B031448004A8D89 /* Products */;
			projectDirPath = "";
			projectRoot = "";
			targets = (
				E575EB502B031448004A8D89 /* Recorded */,
			);
		};
/* End PBXProject section */

/* Begin PBXResourcesBuildPhase section */
		E575EB4F2B031448004A8D89 /* Resources */ = {
			isa = PBXResourcesBuildPhase;
			buildActionMask = 2147483647;
			files = (
				E55189122B33E8120082736C /* bm1.mp3 in Resources */,
				E575EB5C2B031449004A8D89 /* Preview Assets.xcassets in Resources */,
				E575EB592B031449004A8D89 /* Assets.xcassets in Resources */,
			);
			runOnlyForDeploymentPostprocessing = 0;
		};
/* End PBXResourcesBuildPhase section */

/* Begin PBXSourcesBuildPhase section */
		E575EB4D2B031448004A8D89 /* Sources */ = {
			isa = PBXSourcesBuildPhase;
			buildActionMask = 2147483647;
			files = (
				E575EB652B0314B1004A8D89 /* ListView.swift in Sources */,
				E575EB572B031448004A8D89 /* ContentView.swift in Sources */,
				E575EB672B0315B3004A8D89 /* WaveForm.swift in Sources */,
				E551890E2B33E4880082736C /* PlayerView.swift in Sources */,
				E575EB632B0314A5004A8D89 /* RecordView.swift in Sources */,
				E55189102B33E49F0082736C /* PlayerViewModel.swift in Sources */,
				E575EB552B031448004A8D89 /* RecordedApp.swift in Sources */,
			);
			runOnlyForDeploymentPostprocessing = 0;
		};
/* End PBXSourcesBuildPhase section */

/* Begin XCBuildConfiguration section */
		E575EB5D2B031449004A8D89 /* Debug */ = {
			isa = XCBuildConfiguration;
			buildSettings = {
				ALWAYS_SEARCH_USER_PATHS = NO;
				ASSETCATALOG_COMPILER_GENERATE_SWIFT_ASSET_SYMBOL_EXTENSIONS = YES;
				CLANG_ANALYZER_NONNULL = YES;
				CLANG_ANALYZER_NUMBER_OBJECT_CONVERSION = YES_AGGRESSIVE;
				CLANG_CXX_LANGUAGE_STANDARD = "gnu++20";
				CLANG_ENABLE_MODULES = YES;
				CLANG_ENABLE_OBJC_ARC = YES;
				CLANG_ENABLE_OBJC_WEAK = YES;
				CLANG_WARN_BLOCK_CAPTURE_AUTORELEASING = YES;
				CLANG_WARN_BOOL_CONVERSION = YES;
				CLANG_WARN_COMMA = YES;
				CLANG_WARN_CONSTANT_CONVERSION = YES;
				CLANG_WARN_DEPRECATED_OBJC_IMPLEMENTATIONS = YES;
				CLANG_WARN_DIRECT_OBJC_ISA_USAGE = YES_ERROR;
				CLANG_WARN_DOCUMENTATION_COMMENTS = YES;
				CLANG_WARN_EMPTY_BODY = YES;
				CLANG_WARN_ENUM_CONVERSION = YES;
				CLANG_WARN_INFINITE_RECURSION = YES;
				CLANG_WARN_INT_CONVERSION = YES;
				CLANG_WARN_NON_LITERAL_NULL_CONVERSION = YES;
				CLANG_WARN_OBJC_IMPLICIT_RETAIN_SELF = YES;
				CLANG_WARN_OBJC_LITERAL_CONVERSION = YES;
				CLANG_WARN_OBJC_ROOT_CLASS = YES_ERROR;
				CLANG_WARN_QUOTED_INCLUDE_IN_FRAMEWORK_HEADER = YES;
				CLANG_WARN_RANGE_LOOP_ANALYSIS = YES;
				CLANG_WARN_STRICT_PROTOTYPES = YES;
				CLANG_WARN_SUSPICIOUS_MOVE = YES;
				CLANG_WARN_UNGUARDED_AVAILABILITY = YES_AGGRESSIVE;
				CLANG_WARN_UNREACHABLE_CODE = YES;
				CLANG_WARN__DUPLICATE_METHOD_MATCH = YES;
				COPY_PHASE_STRIP = NO;
				DEBUG_INFORMATION_FORMAT = dwarf;
				ENABLE_STRICT_OBJC_MSGSEND = YES;
				ENABLE_TESTABILITY = YES;
				ENABLE_USER_SCRIPT_SANDBOXING = YES;
				GCC_C_LANGUAGE_STANDARD = gnu17;
				GCC_DYNAMIC_NO_PIC = NO;
				GCC_NO_COMMON_BLOCKS = YES;
				GCC_OPTIMIZATION_LEVEL = 0;
				GCC_PREPROCESSOR_DEFINITIONS = (
					"DEBUG=1",
					"$(inherited)",
				);
				GCC_WARN_64_TO_32_BIT_CONVERSION = YES;
				GCC_WARN_ABOUT_RETURN_TYPE = YES_ERROR;
				GCC_WARN_UNDECLARED_SELECTOR = YES;
				GCC_WARN_UNINITIALIZED_AUTOS = YES_AGGRESSIVE;
				GCC_WARN_UNUSED_FUNCTION = YES;
				GCC_WARN_UNUSED_VARIABLE = YES;
				IPHONEOS_DEPLOYMENT_TARGET = 17.0;
				LOCALIZATION_PREFERS_STRING_CATALOGS = YES;
				MTL_ENABLE_DEBUG_INFO = INCLUDE_SOURCE;
				MTL_FAST_MATH = YES;
				ONLY_ACTIVE_ARCH = YES;
				SDKROOT = iphoneos;
				SWIFT_ACTIVE_COMPILATION_CONDITIONS = "DEBUG $(inherited)";
				SWIFT_OPTIMIZATION_LEVEL = "-Onone";
			};
			name = Debug;
		};
		E575EB5E2B031449004A8D89 /* Release */ = {
			isa = XCBuildConfiguration;
			buildSettings = {
				ALWAYS_SEARCH_USER_PATHS = NO;
				ASSETCATALOG_COMPILER_GENERATE_SWIFT_ASSET_SYMBOL_EXTENSIONS = YES;
				CLANG_ANALYZER_NONNULL = YES;
				CLANG_ANALYZER_NUMBER_OBJECT_CONVERSION = YES_AGGRESSIVE;
				CLANG_CXX_LANGUAGE_STANDARD = "gnu++20";
				CLANG_ENABLE_MODULES = YES;
				CLANG_ENABLE_OBJC_ARC = YES;
				CLANG_ENABLE_OBJC_WEAK = YES;
				CLANG_WARN_BLOCK_CAPTURE_AUTORELEASING = YES;
				CLANG_WARN_BOOL_CONVERSION = YES;
				CLANG_WARN_COMMA = YES;
				CLANG_WARN_CONSTANT_CONVERSION = YES;
				CLANG_WARN_DEPRECATED_OBJC_IMPLEMENTATIONS = YES;
				CLANG_WARN_DIRECT_OBJC_ISA_USAGE = YES_ERROR;
				CLANG_WARN_DOCUMENTATION_COMMENTS = YES;
				CLANG_WARN_EMPTY_BODY = YES;
				CLANG_WARN_ENUM_CONVERSION = YES;
				CLANG_WARN_INFINITE_RECURSION = YES;
				CLANG_WARN_INT_CONVERSION = YES;
				CLANG_WARN_NON_LITERAL_NULL_CONVERSION = YES;
				CLANG_WARN_OBJC_IMPLICIT_RETAIN_SELF = YES;
				CLANG_WARN_OBJC_LITERAL_CONVERSION = YES;
				CLANG_WARN_OBJC_ROOT_CLASS = YES_ERROR;
				CLANG_WARN_QUOTED_INCLUDE_IN_FRAMEWORK_HEADER = YES;
				CLANG_WARN_RANGE_LOOP_ANALYSIS = YES;
				CLANG_WARN_STRICT_PROTOTYPES = YES;
				CLANG_WARN_SUSPICIOUS_MOVE = YES;
				CLANG_WARN_UNGUARDED_AVAILABILITY = YES_AGGRESSIVE;
				CLANG_WARN_UNREACHABLE_CODE = YES;
				CLANG_WARN__DUPLICATE_METHOD_MATCH = YES;
				COPY_PHASE_STRIP = NO;
				DEBUG_INFORMATION_FORMAT = "dwarf-with-dsym";
				ENABLE_NS_ASSERTIONS = NO;
				ENABLE_STRICT_OBJC_MSGSEND = YES;
				ENABLE_USER_SCRIPT_SANDBOXING = YES;
				GCC_C_LANGUAGE_STANDARD = gnu17;
				GCC_NO_COMMON_BLOCKS = YES;
				GCC_WARN_64_TO_32_BIT_CONVERSION = YES;
				GCC_WARN_ABOUT_RETURN_TYPE = YES_ERROR;
				GCC_WARN_UNDECLARED_SELECTOR = YES;
				GCC_WARN_UNINITIALIZED_AUTOS = YES_AGGRESSIVE;
				GCC_WARN_UNUSED_FUNCTION = YES;
				GCC_WARN_UNUSED_VARIABLE = YES;
				IPHONEOS_DEPLOYMENT_TARGET = 17.0;
				LOCALIZATION_PREFERS_STRING_CATALOGS = YES;
				MTL_ENABLE_DEBUG_INFO = NO;
				MTL_FAST_MATH = YES;
				SDKROOT = iphoneos;
				SWIFT_COMPILATION_MODE = wholemodule;
				VALIDATE_PRODUCT = YES;
			};
			name = Release;
		};
		E575EB602B031449004A8D89 /* Debug */ = {
			isa = XCBuildConfiguration;
			buildSettings = {
				ASSETCATALOG_COMPILER_APPICON_NAME = AppIcon;
				ASSETCATALOG_COMPILER_GLOBAL_ACCENT_COLOR_NAME = AccentColor;
				CODE_SIGN_STYLE = Automatic;
				CURRENT_PROJECT_VERSION = 1;
				DEVELOPMENT_ASSET_PATHS = "\"Recorded/Preview Content\"";
				DEVELOPMENT_TEAM = VCD5YL67WX;
				ENABLE_PREVIEWS = YES;
				GENERATE_INFOPLIST_FILE = YES;
				INFOPLIST_KEY_NSMicrophoneUsageDescription = "Your mic is mine";
				INFOPLIST_KEY_UIApplicationSceneManifest_Generation = YES;
				INFOPLIST_KEY_UIApplicationSupportsIndirectInputEvents = YES;
				INFOPLIST_KEY_UILaunchScreen_Generation = YES;
				INFOPLIST_KEY_UISupportedInterfaceOrientations_iPad = "UIInterfaceOrientationPortrait UIInterfaceOrientationPortraitUpsideDown UIInterfaceOrientationLandscapeLeft UIInterfaceOrientationLandscapeRight";
				INFOPLIST_KEY_UISupportedInterfaceOrientations_iPhone = "UIInterfaceOrientationPortrait UIInterfaceOrientationLandscapeLeft UIInterfaceOrientationLandscapeRight";
				LD_RUNPATH_SEARCH_PATHS = (
					"$(inherited)",
					"@executable_path/Frameworks",
				);
				MARKETING_VERSION = 1.0;
				PRODUCT_BUNDLE_IDENTIFIER = com.example.Recorded;
				PRODUCT_NAME = "$(TARGET_NAME)";
				SWIFT_EMIT_LOC_STRINGS = YES;
				SWIFT_VERSION = 5.0;
				TARGETED_DEVICE_FAMILY = "1,2";
			};
			name = Debug;
		};
		E575EB612B031449004A8D89 /* Release */ = {
			isa = XCBuildConfiguration;
			buildSettings = {
				ASSETCATALOG_COMPILER_APPICON_NAME = AppIcon;
				ASSETCATALOG_COMPILER_GLOBAL_ACCENT_COLOR_NAME = AccentColor;
				CODE_SIGN_STYLE = Automatic;
				CURRENT_PROJECT_VERSION = 1;
				DEVELOPMENT_ASSET_PATHS = "\"Recorded/Preview Content\"";
				DEVELOPMENT_TEAM = VCD5YL67WX;
				ENABLE_PREVIEWS = YES;
				GENERATE_INFOPLIST_FILE = YES;
				INFOPLIST_KEY_NSMicrophoneUsageDescription = "Your mic is mine";
				INFOPLIST_KEY_UIApplicationSceneManifest_Generation = YES;
				INFOPLIST_KEY_UIApplicationSupportsIndirectInputEvents = YES;
				INFOPLIST_KEY_UILaunchScreen_Generation = YES;
				INFOPLIST_KEY_UISupportedInterfaceOrientations_iPad = "UIInterfaceOrientationPortrait UIInterfaceOrientationPortraitUpsideDown UIInterfaceOrientationLandscapeLeft UIInterfaceOrientationLandscapeRight";
				INFOPLIST_KEY_UISupportedInterfaceOrientations_iPhone = "UIInterfaceOrientationPortrait UIInterfaceOrientationLandscapeLeft UIInterfaceOrientationLandscapeRight";
				LD_RUNPATH_SEARCH_PATHS = (
					"$(inherited)",
					"@executable_path/Frameworks",
				);
				MARKETING_VERSION = 1.0;
				PRODUCT_BUNDLE_IDENTIFIER = com.example.Recorded;
				PRODUCT_NAME = "$(TARGET_NAME)";
				SWIFT_EMIT_LOC_STRINGS = YES;
				SWIFT_VERSION = 5.0;
				TARGETED_DEVICE_FAMILY = "1,2";
			};
			name = Release;
		};
/* End XCBuildConfiguration section */

/* Begin XCConfigurationList section */
		E575EB4C2B031448004A8D89 /* Build configuration list for PBXProject "Recorded" */ = {
			isa = XCConfigurationList;
			buildConfigurations = (
				E575EB5D2B031449004A8D89 /* Debug */,
				E575EB5E2B031449004A8D89 /* Release */,
			);
			defaultConfigurationIsVisible = 0;
			defaultConfigurationName = Release;
		};
		E575EB5F2B031449004A8D89 /* Build configuration list for PBXNativeTarget "Recorded" */ = {
			isa = XCConfigurationList;
			buildConfigurations = (
				E575EB602B031449004A8D89 /* Debug */,
				E575EB612B031449004A8D89 /* Release */,
			);
			defaultConfigurationIsVisible = 0;
			defaultConfigurationName = Release;
		};
/* End XCConfigurationList section */
	};
	rootObject = E575EB492B031448004A8D89 /* Project object */;
}
